// !$*UTF8*$!
{
	archiveVersion = 1;
	classes = {
	};
	objectVersion = 50;
	objects = {

/* Begin PBXBuildFile section */
		3F380B29255B693000FE2A03 /* AppDelegate.swift in Sources */ = {isa = PBXBuildFile; fileRef = 3F380B28255B693000FE2A03 /* AppDelegate.swift */; };
		3F380B2B255B693000FE2A03 /* SceneDelegate.swift in Sources */ = {isa = PBXBuildFile; fileRef = 3F380B2A255B693000FE2A03 /* SceneDelegate.swift */; };
		3F380B2D255B693000FE2A03 /* ViewController.swift in Sources */ = {isa = PBXBuildFile; fileRef = 3F380B2C255B693000FE2A03 /* ViewController.swift */; };
		3F380B30255B693000FE2A03 /* Main.storyboard in Resources */ = {isa = PBXBuildFile; fileRef = 3F380B2E255B693000FE2A03 /* Main.storyboard */; };
		3F380B32255B693200FE2A03 /* Assets.xcassets in Resources */ = {isa = PBXBuildFile; fileRef = 3F380B31255B693200FE2A03 /* Assets.xcassets */; };
		3F380B35255B693200FE2A03 /* LaunchScreen.storyboard in Resources */ = {isa = PBXBuildFile; fileRef = 3F380B33255B693200FE2A03 /* LaunchScreen.storyboard */; };
		3F380B3D255B6D4600FE2A03 /* secViewController.swift in Sources */ = {isa = PBXBuildFile; fileRef = 3F380B3C255B6D4600FE2A03 /* secViewController.swift */; };
		3F380B3F255B735600FE2A03 /* thirdViewController.swift in Sources */ = {isa = PBXBuildFile; fileRef = 3F380B3E255B735600FE2A03 /* thirdViewController.swift */; };
/* End PBXBuildFile section */

/* Begin PBXFileReference section */
		3F380B25255B693000FE2A03 /* muchstoryboard.app */ = {isa = PBXFileReference; explicitFileType = wrapper.application; includeInIndex = 0; path = muchstoryboard.app; sourceTree = BUILT_PRODUCTS_DIR; };
		3F380B28255B693000FE2A03 /* AppDelegate.swift */ = {isa = PBXFileReference; lastKnownFileType = sourcecode.swift; path = AppDelegate.swift; sourceTree = "<group>"; };
		3F380B2A255B693000FE2A03 /* SceneDelegate.swift */ = {isa = PBXFileReference; lastKnownFileType = sourcecode.swift; path = SceneDelegate.swift; sourceTree = "<group>"; };
		3F380B2C255B693000FE2A03 /* ViewController.swift */ = {isa = PBXFileReference; lastKnownFileType = sourcecode.swift; path = ViewController.swift; sourceTree = "<group>"; };
		3F380B2F255B693000FE2A03 /* Base */ = {isa = PBXFileReference; lastKnownFileType = file.storyboard; name = Base; path = Base.lproj/Main.storyboard; sourceTree = "<group>"; };
		3F380B31255B693200FE2A03 /* Assets.xcassets */ = {isa = PBXFileReference; lastKnownFileType = folder.assetcatalog; path = Assets.xcassets; sourceTree = "<group>"; };
		3F380B34255B693200FE2A03 /* Base */ = {isa = PBXFileReference; lastKnownFileType = file.storyboard; name = Base; path = Base.lproj/LaunchScreen.storyboard; sourceTree = "<group>"; };
		3F380B36255B693200FE2A03 /* Info.plist */ = {isa = PBXFileReference; lastKnownFileType = text.plist.xml; path = Info.plist; sourceTree = "<group>"; };
		3F380B3C255B6D4600FE2A03 /* secViewController.swift */ = {isa = PBXFileReference; lastKnownFileType = sourcecode.swift; path = secViewController.swift; sourceTree = "<group>"; };
		3F380B3E255B735600FE2A03 /* thirdViewController.swift */ = {isa = PBXFileReference; lastKnownFileType = sourcecode.swift; path = thirdViewController.swift; sourceTree = "<group>"; };
/* End PBXFileReference section */

/* Begin PBXFrameworksBuildPhase section */
		3F380B22255B693000FE2A03 /* Frameworks */ = {
			isa = PBXFrameworksBuildPhase;
			buildActionMask = 2147483647;
			files = (
			);
			runOnlyForDeploymentPostprocessing = 0;
		};
/* End PBXFrameworksBuildPhase section */

/* Begin PBXGroup section */
		3F380B1C255B693000FE2A03 = {
			isa = PBXGroup;
			children = (
				3F380B27255B693000FE2A03 /* muchstoryboard */,
				3F380B26255B693000FE2A03 /* Products */,
			);
			sourceTree = "<group>";
		};
		3F380B26255B693000FE2A03 /* Products */ = {
			isa = PBXGroup;
			children = (
				3F380B25255B693000FE2A03 /* muchstoryboard.app */,
			);
			name = Products;
			sourceTree = "<group>";
		};
		3F380B27255B693000FE2A03 /* muchstoryboard */ = {
			isa = PBXGroup;
			children = (
				3F380B28255B693000FE2A03 /* AppDelegate.swift */,
				3F380B2A255B693000FE2A03 /* SceneDelegate.swift */,
				3F380B2C255B693000FE2A03 /* ViewController.swift */,
				3F380B3C255B6D4600FE2A03 /* secViewController.swift */,
				3F380B3E255B735600FE2A03 /* thirdViewController.swift */,
				3F380B2E255B693000FE2A03 /* Main.storyboard */,
				3F380B31255B693200FE2A03 /* Assets.xcassets */,
				3F380B33255B693200FE2A03 /* LaunchScreen.storyboard */,
				3F380B36255B693200FE2A03 /* Info.plist */,
			);
			path = muchstoryboard;
			sourceTree = "<group>";
		};
/* End PBXGroup section */

/* Begin PBXNativeTarget section */
		3F380B24255B693000FE2A03 /* muchstoryboard */ = {
			isa = PBXNativeTarget;
			buildConfigurationList = 3F380B39255B693200FE2A03 /* Build configuration list for PBXNativeTarget "muchstoryboard" */;
			buildPhases = (
				3F380B21255B693000FE2A03 /* Sources */,
				3F380B22255B693000FE2A03 /* Frameworks */,
				3F380B23255B693000FE2A03 /* Resources */,
			);
			buildRules = (
			);
			dependencies = (
			);
			name = muchstoryboard;
			productName = muchstoryboard;
			productReference = 3F380B25255B693000FE2A03 /* muchstoryboard.app */;
			productType = "com.apple.product-type.application";
		};
/* End PBXNativeTarget section */

/* Begin PBXProject section */
		3F380B1D255B693000FE2A03 /* Project object */ = {
			isa = PBXProject;
			attributes = {
				LastSwiftUpdateCheck = 1130;
				LastUpgradeCheck = 1130;
				ORGANIZATIONNAME = student;
				TargetAttributes = {
					3F380B24255B693000FE2A03 = {
						CreatedOnToolsVersion = 11.3;
					};
				};
			};
			buildConfigurationList = 3F380B20255B693000FE2A03 /* Build configuration list for PBXProject "muchstoryboard" */;
			compatibilityVersion = "Xcode 9.3";
			developmentRegion = en;
			hasScannedForEncodings = 0;
			knownRegions = (
				en,
				Base,
			);
			mainGroup = 3F380B1C255B693000FE2A03;
			productRefGroup = 3F380B26255B693000FE2A03 /* Products */;
			projectDirPath = "";
			projectRoot = "";
			targets = (
				3F380B24255B693000FE2A03 /* muchstoryboard */,
			);
		};
/* End PBXProject section */

/* Begin PBXResourcesBuildPhase section */
		3F380B23255B693000FE2A03 /* Resources */ = {
			isa = PBXResourcesBuildPhase;
			buildActionMask = 2147483647;
			files = (
				3F380B35255B693200FE2A03 /* LaunchScreen.storyboard in Resources */,
				3F380B32255B693200FE2A03 /* Assets.xcassets in Resources */,
				3F380B30255B693000FE2A03 /* Main.storyboard in Resources */,
			);
			runOnlyForDeploymentPostprocessing = 0;
		};
/* End PBXResourcesBuildPhase section */

/* Begin PBXSourcesBuildPhase section */
		3F380B21255B693000FE2A03 /* Sources */ = {
			isa = PBXSourcesBuildPhase;
			buildActionMask = 2147483647;
			files = (
				3F380B3D255B6D4600FE2A03 /* secViewController.swift in Sources */,
				3F380B2D255B693000FE2A03 /* ViewController.swift in Sources */,
				3F380B3F255B735600FE2A03 /* thirdViewController.swift in Sources */,
				3F380B29255B693000FE2A03 /* AppDelegate.swift in Sources */,
				3F380B2B255B693000FE2A03 /* SceneDelegate.swift in Sources */,
			);
			runOnlyForDeploymentPostprocessing = 0;
		};
/* End PBXSourcesBuildPhase section */

/* Begin PBXVariantGroup section */
		3F380B2E255B693000FE2A03 /* Main.storyboard */ = {
			isa = PBXVariantGroup;
			children = (
				3F380B2F255B693000FE2A03 /* Base */,
			);
			name = Main.storyboard;
			sourceTree = "<group>";
		};
		3F380B33255B693200FE2A03 /* LaunchScreen.storyboard */ = {
			isa = PBXVariantGroup;
			children = (
				3F380B34255B693200FE2A03 /* Base */,
			);
			name = LaunchScreen.storyboard;
			sourceTree = "<group>";
		};
/* End PBXVariantGroup section */

/* Begin XCBuildConfiguration section */
		3F380B37255B693200FE2A03 /* Debug */ = {
			isa = XCBuildConfiguration;
			buildSettings = {
				ALWAYS_SEARCH_USER_PATHS = NO;
				CLANG_ANALYZER_NONNULL = YES;
				CLANG_ANALYZER_NUMBER_OBJECT_CONVERSION = YES_AGGRESSIVE;
				CLANG_CXX_LANGUAGE_STANDARD = "gnu++14";
				CLANG_CXX_LIBRARY = "libc++";
				CLANG_ENABLE_MODULES = YES;
				CLANG_ENABLE_OBJC_ARC = YES;
				CLANG_ENABLE_OBJC_WEAK = YES;
				CLANG_WARN_BLOCK_CAPTURE_AUTORELEASING = YES;
				CLANG_WARN_BOOL_CONVERSION = YES;
				CLANG_WARN_COMMA = YES;
				CLANG_WARN_CONSTANT_CONVERSION = YES;
				CLANG_WARN_DEPRECATED_OBJC_IMPLEMENTATIONS = YES;
				CLANG_WARN_DIRECT_OBJC_ISA_USAGE = YES_ERROR;
				CLANG_WARN_DOCUMENTATION_COMMENTS = YES;
				CLANG_WARN_EMPTY_BODY = YES;
				CLANG_WARN_ENUM_CONVERSION = YES;
				CLANG_WARN_INFINITE_RECURSION = YES;
				CLANG_WARN_INT_CONVERSION = YES;
				CLANG_WARN_NON_LITERAL_NULL_CONVERSION = YES;
				CLANG_WARN_OBJC_IMPLICIT_RETAIN_SELF = YES;
				CLANG_WARN_OBJC_LITERAL_CONVERSION = YES;
				CLANG_WARN_OBJC_ROOT_CLASS = YES_ERROR;
				CLANG_WARN_RANGE_LOOP_ANALYSIS = YES;
				CLANG_WARN_STRICT_PROTOTYPES = YES;
				CLANG_WARN_SUSPICIOUS_MOVE = YES;
				CLANG_WARN_UNGUARDED_AVAILABILITY = YES_AGGRESSIVE;
				CLANG_WARN_UNREACHABLE_CODE = YES;
				CLANG_WARN__DUPLICATE_METHOD_MATCH = YES;
				COPY_PHASE_STRIP = NO;
				DEBUG_INFORMATION_FORMAT = dwarf;
				ENABLE_STRICT_OBJC_MSGSEND = YES;
				ENABLE_TESTABILITY = YES;
				GCC_C_LANGUAGE_STANDARD = gnu11;
				GCC_DYNAMIC_NO_PIC = NO;
				GCC_NO_COMMON_BLOCKS = YES;
				GCC_OPTIMIZATION_LEVEL = 0;
				GCC_PREPROCESSOR_DEFINITIONS = (
					"DEBUG=1",
					"$(inherited)",
				);
				GCC_WARN_64_TO_32_BIT_CONVERSION = YES;
				GCC_WARN_ABOUT_RETURN_TYPE = YES_ERROR;
				GCC_WARN_UNDECLARED_SELECTOR = YES;
				GCC_WARN_UNINITIALIZED_AUTOS = YES_AGGRESSIVE;
				GCC_WARN_UNUSED_FUNCTION = YES;
				GCC_WARN_UNUSED_VARIABLE = YES;
				IPHONEOS_DEPLOYMENT_TARGET = 13.2;
				MTL_ENABLE_DEBUG_INFO = INCLUDE_SOURCE;
				MTL_FAST_MATH = YES;
				ONLY_ACTIVE_ARCH = YES;
				SDKROOT = iphoneos;
				SWIFT_ACTIVE_COMPILATION_CONDITIONS = DEBUG;
				SWIFT_OPTIMIZATION_LEVEL = "-Onone";
			};
			name = Debug;
		};
		3F380B38255B693200FE2A03 /* Release */ = {
			isa = XCBuildConfiguration;
			buildSettings = {
				ALWAYS_SEARCH_USER_PATHS = NO;
				CLANG_ANALYZER_NONNULL = YES;
				CLANG_ANALYZER_NUMBER_OBJECT_CONVERSION = YES_AGGRESSIVE;
				CLANG_CXX_LANGUAGE_STANDARD = "gnu++14";
				CLANG_CXX_LIBRARY = "libc++";
				CLANG_ENABLE_MODULES = YES;
				CLANG_ENABLE_OBJC_ARC = YES;
				CLANG_ENABLE_OBJC_WEAK = YES;
				CLANG_WARN_BLOCK_CAPTURE_AUTORELEASING = YES;
				CLANG_WARN_BOOL_CONVERSION = YES;
				CLANG_WARN_COMMA = YES;
				CLANG_WARN_CONSTANT_CONVERSION = YES;
				CLANG_WARN_DEPRECATED_OBJC_IMPLEMENTATIONS = YES;
				CLANG_WARN_DIRECT_OBJC_ISA_USAGE = YES_ERROR;
				CLANG_WARN_DOCUMENTATION_COMMENTS = YES;
				CLANG_WARN_EMPTY_BODY = YES;
				CLANG_WARN_ENUM_CONVERSION = YES;
				CLANG_WARN_INFINITE_RECURSION = YES;
				CLANG_WARN_INT_CONVERSION = YES;
				CLANG_WARN_NON_LITERAL_NULL_CONVERSION = YES;
				CLANG_WARN_OBJC_IMPLICIT_RETAIN_SELF = YES;
				CLANG_WARN_OBJC_LITERAL_CONVERSION = YES;
				CLANG_WARN_OBJC_ROOT_CLASS = YES_ERROR;
				CLANG_WARN_RANGE_LOOP_ANALYSIS = YES;
				CLANG_WARN_STRICT_PROTOTYPES = YES;
				CLANG_WARN_SUSPICIOUS_MOVE = YES;
				CLANG_WARN_UNGUARDED_AVAILABILITY = YES_AGGRESSIVE;
				CLANG_WARN_UNREACHABLE_CODE = YES;
				CLANG_WARN__DUPLICATE_METHOD_MATCH = YES;
				COPY_PHASE_STRIP = NO;
				DEBUG_INFORMATION_FORMAT = "dwarf-with-dsym";
				ENABLE_NS_ASSERTIONS = NO;
				ENABLE_STRICT_OBJC_MSGSEND = YES;
				GCC_C_LANGUAGE_STANDARD = gnu11;
				GCC_NO_COMMON_BLOCKS = YES;
				GCC_WARN_64_TO_32_BIT_CONVERSION = YES;
				GCC_WARN_ABOUT_RETURN_TYPE = YES_ERROR;
				GCC_WARN_UNDECLARED_SELECTOR = YES;
				GCC_WARN_UNINITIALIZED_AUTOS = YES_AGGRESSIVE;
				GCC_WARN_UNUSED_FUNCTION = YES;
				GCC_WARN_UNUSED_VARIABLE = YES;
				IPHONEOS_DEPLOYMENT_TARGET = 13.2;
				MTL_ENABLE_DEBUG_INFO = NO;
				MTL_FAST_MATH = YES;
				SDKROOT = iphoneos;
				SWIFT_COMPILATION_MODE = wholemodule;
				SWIFT_OPTIMIZATION_LEVEL = "-O";
				VALIDATE_PRODUCT = YES;
			};
			name = Release;
		};
		3F380B3A255B693200FE2A03 /* Debug */ = {
			isa = XCBuildConfiguration;
			buildSettings = {
				ASSETCATALOG_COMPILER_APPICON_NAME = AppIcon;
				CODE_SIGN_STYLE = Automatic;
				INFOPLIST_FILE = muchstoryboard/Info.plist;
				LD_RUNPATH_SEARCH_PATHS = (
					"$(inherited)",
					"@executable_path/Frameworks",
				);
				PRODUCT_BUNDLE_IDENTIFIER = cn.edu.abc.muchstoryboard;
				PRODUCT_NAME = "$(TARGET_NAME)";
				SWIFT_VERSION = 5.0;
				TARGETED_DEVICE_FAMILY = "1,2";
			};
			name = Debug;
		};
		3F380B3B255B693200FE2A03 /* Release */ = {
			isa = XCBuildConfiguration;
			buildSettings = {
				ASSETCATALOG_COMPILER_APPICON_NAME = AppIcon;
				CODE_SIGN_STYLE = Automatic;
				INFOPLIST_FILE = muchstoryboard/Info.plist;
				LD_RUNPATH_SEARCH_PATHS = (
					"$(inherited)",
					"@executable_path/Frameworks",
				);
				PRODUCT_BUNDLE_IDENTIFIER = cn.edu.abc.muchstoryboard;
				PRODUCT_NAME = "$(TARGET_NAME)";
				SWIFT_VERSION = 5.0;
				TARGETED_DEVICE_FAMILY = "1,2";
			};
			name = Release;
		};
/* End XCBuildConfiguration section */

/* Begin XCConfigurationList section */
		3F380B20255B693000FE2A03 /* Build configuration list for PBXProject "muchstoryboard" */ = {
			isa = XCConfigurationList;
			buildConfigurations = (
				3F380B37255B693200FE2A03 /* Debug */,
				3F380B38255B693200FE2A03 /* Release */,
			);
			defaultConfigurationIsVisible = 0;
			defaultConfigurationName = Release;
		};
		3F380B39255B693200FE2A03 /* Build configuration list for PBXNativeTarget "muchstoryboard" */ = {
			isa = XCConfigurationList;
			buildConfigurations = (
				3F380B3A255B693200FE2A03 /* Debug */,
				3F380B3B255B693200FE2A03 /* Release */,
			);
			defaultConfigurationIsVisible = 0;
			defaultConfigurationName = Release;
		};
/* End XCConfigurationList section */
	};
	rootObject = 3F380B1D255B693000FE2A03 /* Project object */;
}
